
Microsoft Visual Studio Solution File, Format Version 12.00
# Visual Studio 15
VisualStudioVersion = 15.0.27703.2042
MinimumVisualStudioVersion = 10.0.40219.1
Project("{2150E333-8FDC-42A3-9474-1A3956D46DE8}") = "Domain.Complex", "Domain.Complex", "{F5FC4B35-191A-4EC9-9665-D0F1A8CDE473}"
EndProject
Project("{2150E333-8FDC-42A3-9474-1A3956D46DE8}") = "Site", "Site", "{C39EFD2F-8C2F-4982-8D21-F27BE8509EC7}"
EndProject
Project("{2150E333-8FDC-42A3-9474-1A3956D46DE8}") = "Aplication", "Aplication", "{D7AD97F7-2D81-4AFF-8B73-A13D2DB7E729}"
EndProject
Project("{2150E333-8FDC-42A3-9474-1A3956D46DE8}") = "Dominio", "Dominio", "{04A092A8-D267-49DE-B64B-82D51AF75B0A}"
EndProject
Project("{2150E333-8FDC-42A3-9474-1A3956D46DE8}") = "Infra", "Infra", "{CC0A8449-621C-4BCB-A5EE-73F10903D03E}"
EndProject
Project("{2150E333-8FDC-42A3-9474-1A3956D46DE8}") = "Data", "Data", "{C01D2422-7E07-48EE-84E2-A7D9DE04DC14}"
EndProject
Project("{2150E333-8FDC-42A3-9474-1A3956D46DE8}") = "CrossCutting", "CrossCutting", "{0C05A584-E791-4070-9F1C-A2E5712F9C4F}"
EndProject
Project("{FAE04EC0-301F-11D3-BF4B-00C04F79EFBC}") = "Tecnun.Dominio", "Tecnun.Dominio\Tecnun.Dominio.csproj", "{BF1AB3CB-65A1-4168-AE9A-E34E87480287}"
EndProject
Project("{FAE04EC0-301F-11D3-BF4B-00C04F79EFBC}") = "Tecnun_Testes", "Tecnun_Testes\Tecnun_Testes.csproj", "{0F508A7F-AEF1-4578-8B8C-CE4D1783499C}"
EndProject
Project("{FAE04EC0-301F-11D3-BF4B-00C04F79EFBC}") = "Tecnun.Infra.Data", "Tecnun.Infra.Data\Tecnun.Infra.Data.csproj", "{8BD61BBA-F41D-44DA-8BF5-C054E24BF72E}"
EndProject
Project("{FAE04EC0-301F-11D3-BF4B-00C04F79EFBC}") = "Tecnun.UI.MVC", "Tecnun.UI.MVC\Tecnun.UI.MVC.csproj", "{D29D8BED-D921-47BD-BBE1-2A6839AC4DCB}"
EndProject
Project("{FAE04EC0-301F-11D3-BF4B-00C04F79EFBC}") = "Tecnun.Infra.CrossCutting.Ioc", "Tecnun.Infra.CrossCutting\Tecnun.Infra.CrossCutting.Ioc.csproj", "{BF77A913-601B-451F-BE0F-34E4628E7DD9}"
EndProject
Project("{FAE04EC0-301F-11D3-BF4B-00C04F79EFBC}") = "Tecnun.Applications", "Tecnun.Applications\Tecnun.Applications.csproj", "{D963B19E-C12C-4C45-AB60-92F752B7A2C9}"
EndProject
Global
	GlobalSection(SolutionConfigurationPlatforms) = preSolution
		Debug|Any CPU = Debug|Any CPU
		Release|Any CPU = Release|Any CPU
	EndGlobalSection
	GlobalSection(ProjectConfigurationPlatforms) = postSolution
		{BF1AB3CB-65A1-4168-AE9A-E34E87480287}.Debug|Any CPU.ActiveCfg = Debug|Any CPU
		{BF1AB3CB-65A1-4168-AE9A-E34E87480287}.Debug|Any CPU.Build.0 = Debug|Any CPU
		{BF1AB3CB-65A1-4168-AE9A-E34E87480287}.Release|Any CPU.ActiveCfg = Release|Any CPU
		{BF1AB3CB-65A1-4168-AE9A-E34E87480287}.Release|Any CPU.Build.0 = Release|Any CPU
		{0F508A7F-AEF1-4578-8B8C-CE4D1783499C}.Debug|Any CPU.ActiveCfg = Debug|Any CPU
		{0F508A7F-AEF1-4578-8B8C-CE4D1783499C}.Debug|Any CPU.Build.0 = Debug|Any CPU
		{0F508A7F-AEF1-4578-8B8C-CE4D1783499C}.Release|Any CPU.ActiveCfg = Release|Any CPU
		{0F508A7F-AEF1-4578-8B8C-CE4D1783499C}.Release|Any CPU.Build.0 = Release|Any CPU
		{8BD61BBA-F41D-44DA-8BF5-C054E24BF72E}.Debug|Any CPU.ActiveCfg = Debug|Any CPU
		{8BD61BBA-F41D-44DA-8BF5-C054E24BF72E}.Debug|Any CPU.Build.0 = Debug|Any CPU
		{8BD61BBA-F41D-44DA-8BF5-C054E24BF72E}.Release|Any CPU.ActiveCfg = Release|Any CPU
		{8BD61BBA-F41D-44DA-8BF5-C054E24BF72E}.Release|Any CPU.Build.0 = Release|Any CPU
		{D29D8BED-D921-47BD-BBE1-2A6839AC4DCB}.Debug|Any CPU.ActiveCfg = Debug|Any CPU
		{D29D8BED-D921-47BD-BBE1-2A6839AC4DCB}.Debug|Any CPU.Build.0 = Debug|Any CPU
		{D29D8BED-D921-47BD-BBE1-2A6839AC4DCB}.Release|Any CPU.ActiveCfg = Release|Any CPU
		{D29D8BED-D921-47BD-BBE1-2A6839AC4DCB}.Release|Any CPU.Build.0 = Release|Any CPU
		{BF77A913-601B-451F-BE0F-34E4628E7DD9}.Debug|Any CPU.ActiveCfg = Debug|Any CPU
		{BF77A913-601B-451F-BE0F-34E4628E7DD9}.Debug|Any CPU.Build.0 = Debug|Any CPU
		{BF77A913-601B-451F-BE0F-34E4628E7DD9}.Release|Any CPU.ActiveCfg = Release|Any CPU
		{BF77A913-601B-451F-BE0F-34E4628E7DD9}.Release|Any CPU.Build.0 = Release|Any CPU
		{D963B19E-C12C-4C45-AB60-92F752B7A2C9}.Debug|Any CPU.ActiveCfg = Debug|Any CPU
		{D963B19E-C12C-4C45-AB60-92F752B7A2C9}.Debug|Any CPU.Build.0 = Debug|Any CPU
		{D963B19E-C12C-4C45-AB60-92F752B7A2C9}.Release|Any CPU.ActiveCfg = Release|Any CPU
		{D963B19E-C12C-4C45-AB60-92F752B7A2C9}.Release|Any CPU.Build.0 = Release|Any CPU
	EndGlobalSection
	GlobalSection(SolutionProperties) = preSolution
		HideSolutionNode = FALSE
	EndGlobalSection
	GlobalSection(NestedProjects) = preSolution
		{D7AD97F7-2D81-4AFF-8B73-A13D2DB7E729} = {F5FC4B35-191A-4EC9-9665-D0F1A8CDE473}
		{04A092A8-D267-49DE-B64B-82D51AF75B0A} = {F5FC4B35-191A-4EC9-9665-D0F1A8CDE473}
		{CC0A8449-621C-4BCB-A5EE-73F10903D03E} = {F5FC4B35-191A-4EC9-9665-D0F1A8CDE473}
		{C01D2422-7E07-48EE-84E2-A7D9DE04DC14} = {CC0A8449-621C-4BCB-A5EE-73F10903D03E}
		{0C05A584-E791-4070-9F1C-A2E5712F9C4F} = {CC0A8449-621C-4BCB-A5EE-73F10903D03E}
		{BF1AB3CB-65A1-4168-AE9A-E34E87480287} = {04A092A8-D267-49DE-B64B-82D51AF75B0A}
		{0F508A7F-AEF1-4578-8B8C-CE4D1783499C} = {04A092A8-D267-49DE-B64B-82D51AF75B0A}
		{8BD61BBA-F41D-44DA-8BF5-C054E24BF72E} = {C01D2422-7E07-48EE-84E2-A7D9DE04DC14}
		{D29D8BED-D921-47BD-BBE1-2A6839AC4DCB} = {C39EFD2F-8C2F-4982-8D21-F27BE8509EC7}
		{BF77A913-601B-451F-BE0F-34E4628E7DD9} = {0C05A584-E791-4070-9F1C-A2E5712F9C4F}
		{D963B19E-C12C-4C45-AB60-92F752B7A2C9} = {D7AD97F7-2D81-4AFF-8B73-A13D2DB7E729}
	EndGlobalSection
	GlobalSection(ExtensibilityGlobals) = postSolution
		SolutionGuid = {01661F90-094F-427B-AE72-068AB2A7B897}
	EndGlobalSection
EndGlobal
